# THIS IS AN AUTOGENERATED FILE. DO NOT EDIT THIS FILE DIRECTLY.
# yarn lockfile v1


find-exec@1.0.2:
  version "1.0.2"
  resolved "https://registry.yarnpkg.com/find-exec/-/find-exec-1.0.2.tgz#dd90e77ef50ab380bdb2f6cc508a386606f3d3bd"
  integrity sha512-/cs763F5i7Nm/aG+hjBv2nJB/Bl2w0tnuZd5bbfcV+WYapn8T4ez3B87H6MgvsmdheDkitj/rHi557wvE+XylQ==

node-global-key-listener@^0.1.1:
  version "0.1.1"
  resolved "https://registry.yarnpkg.com/node-global-key-listener/-/node-global-key-listener-0.1.1.tgz#2697bcb5366b963b1aac6c9d5f72759c876d35bc"
  integrity sha512-xPuMrjVDJSMWg1VchV4ynrE3I1nCtk84NRZWRr4WiPBAeauBEvmE7bMMmvLZbS7F5Z+xdK6YIhazhervyBINLw==
  dependencies:
    sudo-prompt "^9.2.1"

play-sound@^1.1.5:
  version "1.1.5"
  resolved "https://registry.yarnpkg.com/play-sound/-/play-sound-1.1.5.tgz#5b44aa0ed59e2ec2f80710210ed783c79b6fb854"
  integrity sha512-gbdF1iLNyL5r9Ne9YwARGMkrvfR4EL9G1ZLtFPLkI2tQt0kkHw5CHM5E6Gl/lDuuk/Uj/O5Q29Bi08jMK4egbA==
  dependencies:
    find-exec "1.0.2"

sudo-prompt@^9.2.1:
  version "9.2.1"
  resolved "https://registry.yarnpkg.com/sudo-prompt/-/sudo-prompt-9.2.1.tgz#77efb84309c9ca489527a4e749f287e6bdd52afd"
  integrity sha512-Mu7R0g4ig9TUuGSxJavny5Rv0egCEtpZRNMrZaYS1vxkiIxGiGUwoezU3LazIQ+KE04hTrTfNPgxU5gzi7F5Pw==
